// !$*UTF8*$!
{
	archiveVersion = 1;
	classes = {
	};
	objectVersion = 46;
	objects = {

/* Begin PBXBuildFile section */
		6F782102F12EB0A763825EFA /* Assets.xcassets in Resources */ = {isa = PBXBuildFile; fileRef = 6F7829E5A82886C763BE3876 /* Assets.xcassets */; };
		6F78287A03D076A9B7F131EA /* LaunchScreen.storyboard in Resources */ = {isa = PBXBuildFile; fileRef = 6F7829BBB0010B09C038E42C /* LaunchScreen.storyboard */; };
		6F782EE534CD69B80606EE19 /* Cartfile in Resources */ = {isa = PBXBuildFile; fileRef = 6F78206325759C7DFFA6CD00 /* Cartfile */; };
		6F782F471D774F32D63448F8 /* AppDelegate.swift in Sources */ = {isa = PBXBuildFile; fileRef = 6F782992A5720A98E0052181 /* AppDelegate.swift */; };
		B19177911F41F2CD0084F702 /* AuthViewController.swift in Sources */ = {isa = PBXBuildFile; fileRef = B191778C1F41F2CD0084F702 /* AuthViewController.swift */; };
		B19177921F41F2CD0084F702 /* ClientsViewController.swift in Sources */ = {isa = PBXBuildFile; fileRef = B191778D1F41F2CD0084F702 /* ClientsViewController.swift */; };
		B19177931F41F2CD0084F702 /* MainViewController.swift in Sources */ = {isa = PBXBuildFile; fileRef = B191778E1F41F2CD0084F702 /* MainViewController.swift */; };
		B19177941F41F2CD0084F702 /* OrdersViewController.swift in Sources */ = {isa = PBXBuildFile; fileRef = B191778F1F41F2CD0084F702 /* OrdersViewController.swift */; };
		B19177951F41F2CD0084F702 /* SettingsViewController.swift in Sources */ = {isa = PBXBuildFile; fileRef = B19177901F41F2CD0084F702 /* SettingsViewController.swift */; };
		B19177971F41F3100084F702 /* Main.storyboard in Resources */ = {isa = PBXBuildFile; fileRef = B19177961F41F3100084F702 /* Main.storyboard */; };
		B191779E1F41F7FD0084F702 /* SnapKit.framework in Frameworks */ = {isa = PBXBuildFile; fileRef = B191779D1F41F7FD0084F702 /* SnapKit.framework */; };
		B19177A11F41FB730084F702 /* RxCocoa.framework in Frameworks */ = {isa = PBXBuildFile; fileRef = B191779F1F41F8010084F702 /* RxCocoa.framework */; };
		B19177A21F41FB730084F702 /* RxCocoa.framework in Embed Frameworks */ = {isa = PBXBuildFile; fileRef = B191779F1F41F8010084F702 /* RxCocoa.framework */; settings = {ATTRIBUTES = (CodeSignOnCopy, RemoveHeadersOnCopy, ); }; };
		B19177A41F41FB730084F702 /* SnapKit.framework in Embed Frameworks */ = {isa = PBXBuildFile; fileRef = B191779D1F41F7FD0084F702 /* SnapKit.framework */; settings = {ATTRIBUTES = (CodeSignOnCopy, RemoveHeadersOnCopy, ); }; };
		B19177A51F41FB730084F702 /* RxSwift.framework in Frameworks */ = {isa = PBXBuildFile; fileRef = B191779B1F41F7F70084F702 /* RxSwift.framework */; };
		B19177A61F41FB730084F702 /* RxSwift.framework in Embed Frameworks */ = {isa = PBXBuildFile; fileRef = B191779B1F41F7F70084F702 /* RxSwift.framework */; settings = {ATTRIBUTES = (CodeSignOnCopy, RemoveHeadersOnCopy, ); }; };
/* End PBXBuildFile section */

/* Begin PBXCopyFilesBuildPhase section */
		B19177A71F41FB740084F702 /* Embed Frameworks */ = {
			isa = PBXCopyFilesBuildPhase;
			buildActionMask = 2147483647;
			dstPath = "";
			dstSubfolderSpec = 10;
			files = (
				B19177A21F41FB730084F702 /* RxCocoa.framework in Embed Frameworks */,
				B19177A41F41FB730084F702 /* SnapKit.framework in Embed Frameworks */,
				B19177A61F41FB730084F702 /* RxSwift.framework in Embed Frameworks */,
			);
			name = "Embed Frameworks";
			runOnlyForDeploymentPostprocessing = 0;
		};
/* End PBXCopyFilesBuildPhase section */

/* Begin PBXFileReference section */
		6F78201060C10777E8A5789A /* Base */ = {isa = PBXFileReference; lastKnownFileType = file.storyboard; name = Base; path = Base.lproj/LaunchScreen.storyboard; sourceTree = "<group>"; };
		6F78206325759C7DFFA6CD00 /* Cartfile */ = {isa = PBXFileReference; fileEncoding = 4; lastKnownFileType = text; path = Cartfile; sourceTree = "<group>"; };
		6F7826A24906DFA8D40F1FDE /* Info.plist */ = {isa = PBXFileReference; lastKnownFileType = text.plist.info; path = Info.plist; sourceTree = "<group>"; };
		6F782992A5720A98E0052181 /* AppDelegate.swift */ = {isa = PBXFileReference; lastKnownFileType = sourcecode.swift; path = AppDelegate.swift; sourceTree = "<group>"; };
		6F7829E5A82886C763BE3876 /* Assets.xcassets */ = {isa = PBXFileReference; lastKnownFileType = folder.assetcatalog; path = Assets.xcassets; sourceTree = "<group>"; };
		6F782BEEB3B0425AFFAE527B /* SwiftService.app */ = {isa = PBXFileReference; explicitFileType = wrapper.application; includeInIndex = 0; path = SwiftService.app; sourceTree = BUILT_PRODUCTS_DIR; };
		B191778C1F41F2CD0084F702 /* AuthViewController.swift */ = {isa = PBXFileReference; fileEncoding = 4; lastKnownFileType = sourcecode.swift; path = AuthViewController.swift; sourceTree = "<group>"; };
		B191778D1F41F2CD0084F702 /* ClientsViewController.swift */ = {isa = PBXFileReference; fileEncoding = 4; lastKnownFileType = sourcecode.swift; path = ClientsViewController.swift; sourceTree = "<group>"; };
		B191778E1F41F2CD0084F702 /* MainViewController.swift */ = {isa = PBXFileReference; fileEncoding = 4; lastKnownFileType = sourcecode.swift; path = MainViewController.swift; sourceTree = "<group>"; };
		B191778F1F41F2CD0084F702 /* OrdersViewController.swift */ = {isa = PBXFileReference; fileEncoding = 4; lastKnownFileType = sourcecode.swift; path = OrdersViewController.swift; sourceTree = "<group>"; };
		B19177901F41F2CD0084F702 /* SettingsViewController.swift */ = {isa = PBXFileReference; fileEncoding = 4; lastKnownFileType = sourcecode.swift; path = SettingsViewController.swift; sourceTree = "<group>"; };
		B19177961F41F3100084F702 /* Main.storyboard */ = {isa = PBXFileReference; fileEncoding = 4; lastKnownFileType = file.storyboard; path = Main.storyboard; sourceTree = "<group>"; };
		B191779B1F41F7F70084F702 /* RxSwift.framework */ = {isa = PBXFileReference; lastKnownFileType = wrapper.framework; name = RxSwift.framework; path = SwiftService/Carthage/Build/iOS/RxSwift.framework; sourceTree = "<group>"; };
		B191779D1F41F7FD0084F702 /* SnapKit.framework */ = {isa = PBXFileReference; lastKnownFileType = wrapper.framework; name = SnapKit.framework; path = SwiftService/Carthage/Build/iOS/SnapKit.framework; sourceTree = "<group>"; };
		B191779F1F41F8010084F702 /* RxCocoa.framework */ = {isa = PBXFileReference; lastKnownFileType = wrapper.framework; name = RxCocoa.framework; path = SwiftService/Carthage/Build/iOS/RxCocoa.framework; sourceTree = "<group>"; };
/* End PBXFileReference section */

/* Begin PBXFrameworksBuildPhase section */
		6F782DF9CA951F74C08B835D /* Frameworks */ = {
			isa = PBXFrameworksBuildPhase;
			buildActionMask = 2147483647;
			files = (
				B19177A11F41FB730084F702 /* RxCocoa.framework in Frameworks */,
				B19177A51F41FB730084F702 /* RxSwift.framework in Frameworks */,
				B191779E1F41F7FD0084F702 /* SnapKit.framework in Frameworks */,
			);
			runOnlyForDeploymentPostprocessing = 0;
		};
/* End PBXFrameworksBuildPhase section */

/* Begin PBXGroup section */
		6F782689EF40F1186797F35C = {
			isa = PBXGroup;
			children = (
				6F782FAFC3F14052D5B215EA /* Products */,
				6F782CE499E9F35B300CAD54 /* SwiftService */,
				B191779A1F41F7F70084F702 /* Frameworks */,
			);
			sourceTree = "<group>";
		};
		6F782CE499E9F35B300CAD54 /* SwiftService */ = {
			isa = PBXGroup;
			children = (
				B191778B1F41F2CD0084F702 /* Controllers */,
				6F7826A24906DFA8D40F1FDE /* Info.plist */,
				6F7829E5A82886C763BE3876 /* Assets.xcassets */,
				6F7829BBB0010B09C038E42C /* LaunchScreen.storyboard */,
				6F782992A5720A98E0052181 /* AppDelegate.swift */,
				B19177961F41F3100084F702 /* Main.storyboard */,
				6F78206325759C7DFFA6CD00 /* Cartfile */,
			);
			path = SwiftService;
			sourceTree = "<group>";
		};
		6F782FAFC3F14052D5B215EA /* Products */ = {
			isa = PBXGroup;
			children = (
				6F782BEEB3B0425AFFAE527B /* SwiftService.app */,
			);
			name = Products;
			sourceTree = "<group>";
		};
		B191778B1F41F2CD0084F702 /* Controllers */ = {
			isa = PBXGroup;
			children = (
				B191778C1F41F2CD0084F702 /* AuthViewController.swift */,
				B191778D1F41F2CD0084F702 /* ClientsViewController.swift */,
				B191778E1F41F2CD0084F702 /* MainViewController.swift */,
				B191778F1F41F2CD0084F702 /* OrdersViewController.swift */,
				B19177901F41F2CD0084F702 /* SettingsViewController.swift */,
			);
			path = Controllers;
			sourceTree = "<group>";
		};
		B191779A1F41F7F70084F702 /* Frameworks */ = {
			isa = PBXGroup;
			children = (
				B191779F1F41F8010084F702 /* RxCocoa.framework */,
				B191779D1F41F7FD0084F702 /* SnapKit.framework */,
				B191779B1F41F7F70084F702 /* RxSwift.framework */,
			);
			name = Frameworks;
			sourceTree = "<group>";
		};
/* End PBXGroup section */

/* Begin PBXNativeTarget section */
		6F782FAE7412D7933306C356 /* SwiftService */ = {
			isa = PBXNativeTarget;
			buildConfigurationList = 6F782AAAEDAE1F430CD08EDD /* Build configuration list for PBXNativeTarget "SwiftService" */;
			buildPhases = (
				6F782BD138B3398F365CD624 /* Sources */,
				6F782DF9CA951F74C08B835D /* Frameworks */,
				6F782FF53F8CBF38818C1685 /* Resources */,
				B19177A71F41FB740084F702 /* Embed Frameworks */,
			);
			buildRules = (
			);
			dependencies = (
			);
			name = SwiftService;
			productName = SwiftService;
			productReference = 6F782BEEB3B0425AFFAE527B /* SwiftService.app */;
			productType = "com.apple.product-type.application";
		};
/* End PBXNativeTarget section */

/* Begin PBXProject section */
		6F7823796B1B4FC11B4D5FC6 /* Project object */ = {
			isa = PBXProject;
			attributes = {
				ORGANIZATIONNAME = Grotem;
				TargetAttributes = {
					6F782FAE7412D7933306C356 = {
						DevelopmentTeam = ZK88G6XLH9;
					};
				};
			};
			buildConfigurationList = 6F7824807F12A23A35737203 /* Build configuration list for PBXProject "SwiftService" */;
			compatibilityVersion = "Xcode 3.2";
			developmentRegion = English;
			hasScannedForEncodings = 0;
			knownRegions = (
				en,
			);
			mainGroup = 6F782689EF40F1186797F35C;
			productRefGroup = 6F782FAFC3F14052D5B215EA /* Products */;
			projectDirPath = "";
			projectRoot = "";
			targets = (
				6F782FAE7412D7933306C356 /* SwiftService */,
			);
		};
/* End PBXProject section */

/* Begin PBXResourcesBuildPhase section */
		6F782FF53F8CBF38818C1685 /* Resources */ = {
			isa = PBXResourcesBuildPhase;
			buildActionMask = 2147483647;
			files = (
				B19177971F41F3100084F702 /* Main.storyboard in Resources */,
				6F782102F12EB0A763825EFA /* Assets.xcassets in Resources */,
				6F78287A03D076A9B7F131EA /* LaunchScreen.storyboard in Resources */,
				6F782EE534CD69B80606EE19 /* Cartfile in Resources */,
			);
			runOnlyForDeploymentPostprocessing = 0;
		};
/* End PBXResourcesBuildPhase section */

/* Begin PBXSourcesBuildPhase section */
		6F782BD138B3398F365CD624 /* Sources */ = {
			isa = PBXSourcesBuildPhase;
			buildActionMask = 2147483647;
			files = (
				B19177941F41F2CD0084F702 /* OrdersViewController.swift in Sources */,
				B19177921F41F2CD0084F702 /* ClientsViewController.swift in Sources */,
				B19177911F41F2CD0084F702 /* AuthViewController.swift in Sources */,
				6F782F471D774F32D63448F8 /* AppDelegate.swift in Sources */,
				B19177931F41F2CD0084F702 /* MainViewController.swift in Sources */,
				B19177951F41F2CD0084F702 /* SettingsViewController.swift in Sources */,
			);
			runOnlyForDeploymentPostprocessing = 0;
		};
/* End PBXSourcesBuildPhase section */

/* Begin PBXVariantGroup section */
		6F7829BBB0010B09C038E42C /* LaunchScreen.storyboard */ = {
			isa = PBXVariantGroup;
			children = (
				6F78201060C10777E8A5789A /* Base */,
			);
			name = LaunchScreen.storyboard;
			sourceTree = "<group>";
		};
/* End PBXVariantGroup section */

/* Begin XCBuildConfiguration section */
		6F782058AED4FBA48FF7DAC4 /* Debug */ = {
			isa = XCBuildConfiguration;
			buildSettings = {
				ASSETCATALOG_COMPILER_APPICON_NAME = AppIcon;
				DEVELOPMENT_TEAM = ZK88G6XLH9;
				FRAMEWORK_SEARCH_PATHS = (
					"$(inherited)",
					"$(PROJECT_DIR)/SwiftService/Carthage/Build/iOS",
				);
				INFOPLIST_FILE = SwiftService/Info.plist;
				IPHONEOS_DEPLOYMENT_TARGET = 9.3;
				LD_RUNPATH_SEARCH_PATHS = "$(inherited) @executable_path/Frameworks";
				PRODUCT_BUNDLE_IDENTIFIER = com.grotem.SwiftService;
				PRODUCT_NAME = "$(TARGET_NAME)";
				SWIFT_VERSION = 3.1;
			};
			name = Debug;
		};
		6F782165C7C19E86785BC41F /* Release */ = {
			isa = XCBuildConfiguration;
			buildSettings = {
				ASSETCATALOG_COMPILER_APPICON_NAME = AppIcon;
				DEVELOPMENT_TEAM = ZK88G6XLH9;
				FRAMEWORK_SEARCH_PATHS = (
					"$(inherited)",
					"$(PROJECT_DIR)/SwiftService/Carthage/Build/iOS",
				);
				INFOPLIST_FILE = SwiftService/Info.plist;
				IPHONEOS_DEPLOYMENT_TARGET = 9.3;
				LD_RUNPATH_SEARCH_PATHS = "$(inherited) @executable_path/Frameworks";
				PRODUCT_BUNDLE_IDENTIFIER = com.grotem.SwiftService;
				PRODUCT_NAME = "$(TARGET_NAME)";
				SWIFT_VERSION = 3.1;
			};
			name = Release;
		};
		6F78250F0E3DA2F1DD38531E /* Release */ = {
			isa = XCBuildConfiguration;
			buildSettings = {
				ALWAYS_SEARCH_USER_PATHS = NO;
				CLANG_ANALYZER_NONNULL = YES;
				CLANG_ANALYZER_NUMBER_OBJECT_CONVERSION = YES_AGGRESSIVE;
				CLANG_CXX_LANGUAGE_STANDARD = "gnu++0x";
				CLANG_CXX_LIBRARY = "libc++";
				CLANG_ENABLE_MODULES = YES;
				CLANG_ENABLE_OBJC_ARC = YES;
				CLANG_WARN_BOOL_CONVERSION = YES;
				CLANG_WARN_CONSTANT_CONVERSION = YES;
				CLANG_WARN_DIRECT_OBJC_ISA_USAGE = YES_ERROR;
				CLANG_WARN_DOCUMENTATION_COMMENTS = YES;
				CLANG_WARN_EMPTY_BODY = YES;
				CLANG_WARN_ENUM_CONVERSION = YES;
				CLANG_WARN_INFINITE_RECURSION = YES;
				CLANG_WARN_INT_CONVERSION = YES;
				CLANG_WARN_OBJC_ROOT_CLASS = YES_ERROR;
				CLANG_WARN_SUSPICIOUS_MOVE = YES;
				CLANG_WARN_UNREACHABLE_CODE = YES;
				CLANG_WARN__DUPLICATE_METHOD_MATCH = YES;
				"CODE_SIGN_IDENTITY[sdk=iphoneos*]" = "iPhone Developer";
				COPY_PHASE_STRIP = NO;
				DEBUG_INFORMATION_FORMAT = "dwarf-with-dsym";
				ENABLE_NS_ASSERTIONS = NO;
				ENABLE_STRICT_OBJC_MSGSEND = YES;
				GCC_C_LANGUAGE_STANDARD = gnu99;
				GCC_NO_COMMON_BLOCKS = YES;
				GCC_WARN_64_TO_32_BIT_CONVERSION = YES;
				GCC_WARN_ABOUT_RETURN_TYPE = YES_ERROR;
				GCC_WARN_UNDECLARED_SELECTOR = YES;
				GCC_WARN_UNINITIALIZED_AUTOS = YES_AGGRESSIVE;
				GCC_WARN_UNUSED_FUNCTION = YES;
				GCC_WARN_UNUSED_VARIABLE = YES;
				IPHONEOS_DEPLOYMENT_TARGET = 10.3;
				MTL_ENABLE_DEBUG_INFO = NO;
				SDKROOT = iphoneos;
				SWIFT_OPTIMIZATION_LEVEL = "-Owholemodule";
				TARGETED_DEVICE_FAMILY = "1,2";
				VALIDATE_PRODUCT = YES;
			};
			name = Release;
		};
		6F782A262BC7FF45E918F861 /* Debug */ = {
			isa = XCBuildConfiguration;
			buildSettings = {
				ALWAYS_SEARCH_USER_PATHS = NO;
				CLANG_ANALYZER_NONNULL = YES;
				CLANG_ANALYZER_NUMBER_OBJECT_CONVERSION = YES_AGGRESSIVE;
				CLANG_CXX_LANGUAGE_STANDARD = "gnu++0x";
				CLANG_CXX_LIBRARY = "libc++";
				CLANG_ENABLE_MODULES = YES;
				CLANG_ENABLE_OBJC_ARC = YES;
				CLANG_WARN_BOOL_CONVERSION = YES;
				CLANG_WARN_CONSTANT_CONVERSION = YES;
				CLANG_WARN_DIRECT_OBJC_ISA_USAGE = YES_ERROR;
				CLANG_WARN_DOCUMENTATION_COMMENTS = YES;
				CLANG_WARN_EMPTY_BODY = YES;
				CLANG_WARN_ENUM_CONVERSION = YES;
				CLANG_WARN_INFINITE_RECURSION = YES;
				CLANG_WARN_INT_CONVERSION = YES;
				CLANG_WARN_OBJC_ROOT_CLASS = YES_ERROR;
				CLANG_WARN_SUSPICIOUS_MOVE = YES;
				CLANG_WARN_UNREACHABLE_CODE = YES;
				CLANG_WARN__DUPLICATE_METHOD_MATCH = YES;
				"CODE_SIGN_IDENTITY[sdk=iphoneos*]" = "iPhone Developer";
				COPY_PHASE_STRIP = NO;
				DEBUG_INFORMATION_FORMAT = dwarf;
				ENABLE_STRICT_OBJC_MSGSEND = YES;
				ENABLE_TESTABILITY = YES;
				GCC_C_LANGUAGE_STANDARD = gnu99;
				GCC_DYNAMIC_NO_PIC = NO;
				GCC_NO_COMMON_BLOCKS = YES;
				GCC_OPTIMIZATION_LEVEL = 0;
				GCC_PREPROCESSOR_DEFINITIONS = (
					"DEBUG=1",
					"$(inherited)",
				);
				GCC_WARN_64_TO_32_BIT_CONVERSION = YES;
				GCC_WARN_ABOUT_RETURN_TYPE = YES_ERROR;
				GCC_WARN_UNDECLARED_SELECTOR = YES;
				GCC_WARN_UNINITIALIZED_AUTOS = YES_AGGRESSIVE;
				GCC_WARN_UNUSED_FUNCTION = YES;
				GCC_WARN_UNUSED_VARIABLE = YES;
				IPHONEOS_DEPLOYMENT_TARGET = 10.3;
				MTL_ENABLE_DEBUG_INFO = YES;
				ONLY_ACTIVE_ARCH = YES;
				SDKROOT = iphoneos;
				SWIFT_ACTIVE_COMPILATION_CONDITIONS = DEBUG;
				SWIFT_OPTIMIZATION_LEVEL = "-Onone";
				TARGETED_DEVICE_FAMILY = "1,2";
			};
			name = Debug;
		};
/* End XCBuildConfiguration section */

/* Begin XCConfigurationList section */
		6F7824807F12A23A35737203 /* Build configuration list for PBXProject "SwiftService" */ = {
			isa = XCConfigurationList;
			buildConfigurations = (
				6F782A262BC7FF45E918F861 /* Debug */,
				6F78250F0E3DA2F1DD38531E /* Release */,
			);
			defaultConfigurationIsVisible = 0;
			defaultConfigurationName = Release;
		};
		6F782AAAEDAE1F430CD08EDD /* Build configuration list for PBXNativeTarget "SwiftService" */ = {
			isa = XCConfigurationList;
			buildConfigurations = (
				6F782058AED4FBA48FF7DAC4 /* Debug */,
				6F782165C7C19E86785BC41F /* Release */,
			);
			defaultConfigurationIsVisible = 0;
			defaultConfigurationName = Release;
		};
/* End XCConfigurationList section */
	};
	rootObject = 6F7823796B1B4FC11B4D5FC6 /* Project object */;
}
